
Microsoft Visual Studio Solution File, Format Version 12.00
# Visual Studio 15
VisualStudioVersion = 15.0.27703.2026
MinimumVisualStudioVersion = 10.0.40219.1
Project("{FAE04EC0-301F-11D3-BF4B-00C04F79EFBC}") = "Challenge2_v2.WPF", "Challenge2_v2.WPF\Challenge2_v2.WPF.csproj", "{835CD38E-F5A4-4003-AD91-88C9A0BEF442}"
EndProject
Project("{00D1A9C2-B5F0-4AF3-8072-F6C62B433612}") = "Challenge2_v2.Database", "Challenge2_v2.Database\Challenge2_v2.Database.sqlproj", "{9B8B5A8B-35A8-4F2A-8F19-D645D4B4F85D}"
EndProject
Project("{FAE04EC0-301F-11D3-BF4B-00C04F79EFBC}") = "Challenge2_v2.ClassLibrary", "Challenge2_v2.ClassLibrary\Challenge2_v2.ClassLibrary.csproj", "{2A8378D7-AC8A-47B3-9864-61B2FB12B363}"
EndProject
Project("{FAE04EC0-301F-11D3-BF4B-00C04F79EFBC}") = "Challenge2_v2.API", "Challenge2_v2.API\Challenge2_v2.API.csproj", "{5C3A2206-F263-4E3E-B091-2A060B8FC5FE}"
EndProject
Global
	GlobalSection(SolutionConfigurationPlatforms) = preSolution
		Debug|Any CPU = Debug|Any CPU
		Release|Any CPU = Release|Any CPU
	EndGlobalSection
	GlobalSection(ProjectConfigurationPlatforms) = postSolution
		{835CD38E-F5A4-4003-AD91-88C9A0BEF442}.Debug|Any CPU.ActiveCfg = Debug|Any CPU
		{835CD38E-F5A4-4003-AD91-88C9A0BEF442}.Debug|Any CPU.Build.0 = Debug|Any CPU
		{835CD38E-F5A4-4003-AD91-88C9A0BEF442}.Release|Any CPU.ActiveCfg = Release|Any CPU
		{835CD38E-F5A4-4003-AD91-88C9A0BEF442}.Release|Any CPU.Build.0 = Release|Any CPU
		{9B8B5A8B-35A8-4F2A-8F19-D645D4B4F85D}.Debug|Any CPU.ActiveCfg = Debug|Any CPU
		{9B8B5A8B-35A8-4F2A-8F19-D645D4B4F85D}.Debug|Any CPU.Build.0 = Debug|Any CPU
		{9B8B5A8B-35A8-4F2A-8F19-D645D4B4F85D}.Debug|Any CPU.Deploy.0 = Debug|Any CPU
		{9B8B5A8B-35A8-4F2A-8F19-D645D4B4F85D}.Release|Any CPU.ActiveCfg = Release|Any CPU
		{9B8B5A8B-35A8-4F2A-8F19-D645D4B4F85D}.Release|Any CPU.Build.0 = Release|Any CPU
		{9B8B5A8B-35A8-4F2A-8F19-D645D4B4F85D}.Release|Any CPU.Deploy.0 = Release|Any CPU
		{2A8378D7-AC8A-47B3-9864-61B2FB12B363}.Debug|Any CPU.ActiveCfg = Debug|Any CPU
		{2A8378D7-AC8A-47B3-9864-61B2FB12B363}.Debug|Any CPU.Build.0 = Debug|Any CPU
		{2A8378D7-AC8A-47B3-9864-61B2FB12B363}.Release|Any CPU.ActiveCfg = Release|Any CPU
		{2A8378D7-AC8A-47B3-9864-61B2FB12B363}.Release|Any CPU.Build.0 = Release|Any CPU
		{5C3A2206-F263-4E3E-B091-2A060B8FC5FE}.Debug|Any CPU.ActiveCfg = Debug|Any CPU
		{5C3A2206-F263-4E3E-B091-2A060B8FC5FE}.Debug|Any CPU.Build.0 = Debug|Any CPU
		{5C3A2206-F263-4E3E-B091-2A060B8FC5FE}.Release|Any CPU.ActiveCfg = Release|Any CPU
		{5C3A2206-F263-4E3E-B091-2A060B8FC5FE}.Release|Any CPU.Build.0 = Release|Any CPU
	EndGlobalSection
	GlobalSection(SolutionProperties) = preSolution
		HideSolutionNode = FALSE
	EndGlobalSection
	GlobalSection(ExtensibilityGlobals) = postSolution
		SolutionGuid = {FC02B9CE-6492-4F27-BDD7-EA2F8BED77CE}
	EndGlobalSection
EndGlobal
